
Microsoft Visual Studio Solution File, Format Version 12.00
# Visual Studio 15
Project("{FAE04EC0-301F-11D3-BF4B-00C04F79EFBC}") = "Beamable.Installer.SmallerJSON", "Beamable.Installer.SmallerJSON.csproj", "{8066AB84-A673-3EF7-4774-990A5675015F}"
EndProject
Project("{FAE04EC0-301F-11D3-BF4B-00C04F79EFBC}") = "Beamable.Microservice.MyMicroservice", "Beamable.Microservice.MyMicroservice.csproj", "{B2D675E4-3C35-2C46-B6E6-2007F22DD204}"
EndProject
Project("{FAE04EC0-301F-11D3-BF4B-00C04F79EFBC}") = "Unity.Beamable.Customer.MicroserviceClients", "Unity.Beamable.Customer.MicroserviceClients.csproj", "{B51E2CE0-FA7F-BA64-453E-09A5DA36BEAD}"
EndProject
Project("{FAE04EC0-301F-11D3-BF4B-00C04F79EFBC}") = "Beamable.Installer", "Beamable.Installer.csproj", "{F7E5E392-E3F4-A444-9513-C7527B499068}"
EndProject
Project("{FAE04EC0-301F-11D3-BF4B-00C04F79EFBC}") = "Assembly-CSharp", "Assembly-CSharp.csproj", "{7ABDF50A-11AE-8568-06ED-3BD5022C9AA1}"
EndProject
Project("{FAE04EC0-301F-11D3-BF4B-00C04F79EFBC}") = "Unity.Beamable.Customer.Common", "Unity.Beamable.Customer.Common.csproj", "{87CC5BB9-FE88-F1F9-1CAF-69667F4014FD}"
EndProject
Global
	GlobalSection(SolutionConfigurationPlatforms) = preSolution
		Debug|Any CPU = Debug|Any CPU
		Release|Any CPU = Release|Any CPU
	EndGlobalSection
	GlobalSection(ProjectConfigurationPlatforms) = postSolution
		{8066AB84-A673-3EF7-4774-990A5675015F}.Debug|Any CPU.ActiveCfg = Debug|Any CPU
		{8066AB84-A673-3EF7-4774-990A5675015F}.Debug|Any CPU.Build.0 = Debug|Any CPU
		{8066AB84-A673-3EF7-4774-990A5675015F}.Release|Any CPU.ActiveCfg = Release|Any CPU
		{8066AB84-A673-3EF7-4774-990A5675015F}.Release|Any CPU.Build.0 = Release|Any CPU
		{B2D675E4-3C35-2C46-B6E6-2007F22DD204}.Debug|Any CPU.ActiveCfg = Debug|Any CPU
		{B2D675E4-3C35-2C46-B6E6-2007F22DD204}.Debug|Any CPU.Build.0 = Debug|Any CPU
		{B2D675E4-3C35-2C46-B6E6-2007F22DD204}.Release|Any CPU.ActiveCfg = Release|Any CPU
		{B2D675E4-3C35-2C46-B6E6-2007F22DD204}.Release|Any CPU.Build.0 = Release|Any CPU
		{B51E2CE0-FA7F-BA64-453E-09A5DA36BEAD}.Debug|Any CPU.ActiveCfg = Debug|Any CPU
		{B51E2CE0-FA7F-BA64-453E-09A5DA36BEAD}.Debug|Any CPU.Build.0 = Debug|Any CPU
		{B51E2CE0-FA7F-BA64-453E-09A5DA36BEAD}.Release|Any CPU.ActiveCfg = Release|Any CPU
		{B51E2CE0-FA7F-BA64-453E-09A5DA36BEAD}.Release|Any CPU.Build.0 = Release|Any CPU
		{F7E5E392-E3F4-A444-9513-C7527B499068}.Debug|Any CPU.ActiveCfg = Debug|Any CPU
		{F7E5E392-E3F4-A444-9513-C7527B499068}.Debug|Any CPU.Build.0 = Debug|Any CPU
		{F7E5E392-E3F4-A444-9513-C7527B499068}.Release|Any CPU.ActiveCfg = Release|Any CPU
		{F7E5E392-E3F4-A444-9513-C7527B499068}.Release|Any CPU.Build.0 = Release|Any CPU
		{7ABDF50A-11AE-8568-06ED-3BD5022C9AA1}.Debug|Any CPU.ActiveCfg = Debug|Any CPU
		{7ABDF50A-11AE-8568-06ED-3BD5022C9AA1}.Debug|Any CPU.Build.0 = Debug|Any CPU
		{7ABDF50A-11AE-8568-06ED-3BD5022C9AA1}.Release|Any CPU.ActiveCfg = Release|Any CPU
		{7ABDF50A-11AE-8568-06ED-3BD5022C9AA1}.Release|Any CPU.Build.0 = Release|Any CPU
		{87CC5BB9-FE88-F1F9-1CAF-69667F4014FD}.Debug|Any CPU.ActiveCfg = Debug|Any CPU
		{87CC5BB9-FE88-F1F9-1CAF-69667F4014FD}.Debug|Any CPU.Build.0 = Debug|Any CPU
		{87CC5BB9-FE88-F1F9-1CAF-69667F4014FD}.Release|Any CPU.ActiveCfg = Release|Any CPU
		{87CC5BB9-FE88-F1F9-1CAF-69667F4014FD}.Release|Any CPU.Build.0 = Release|Any CPU
	EndGlobalSection
	GlobalSection(SolutionProperties) = preSolution
		HideSolutionNode = FALSE
	EndGlobalSection
EndGlobal
